// !$*UTF8*$!
{
	archiveVersion = 1;
	classes = {
	};
	objectVersion = 50;
	objects = {

/* Begin PBXBuildFile section */
		C14E8BAF2379B2090086886B /* AppDelegate.swift in Sources */ = {isa = PBXBuildFile; fileRef = C14E8BAE2379B2090086886B /* AppDelegate.swift */; };
		C14E8BB12379B2090086886B /* SceneDelegate.swift in Sources */ = {isa = PBXBuildFile; fileRef = C14E8BB02379B2090086886B /* SceneDelegate.swift */; };
		C14E8BB32379B2090086886B /* ViewController.swift in Sources */ = {isa = PBXBuildFile; fileRef = C14E8BB22379B2090086886B /* ViewController.swift */; };
		C14E8BB62379B2090086886B /* Main.storyboard in Resources */ = {isa = PBXBuildFile; fileRef = C14E8BB42379B2090086886B /* Main.storyboard */; };
		C14E8BB82379B20A0086886B /* Assets.xcassets in Resources */ = {isa = PBXBuildFile; fileRef = C14E8BB72379B20A0086886B /* Assets.xcassets */; };
		C14E8BBB2379B20A0086886B /* LaunchScreen.storyboard in Resources */ = {isa = PBXBuildFile; fileRef = C14E8BB92379B20A0086886B /* LaunchScreen.storyboard */; };
/* End PBXBuildFile section */

/* Begin PBXFileReference section */
		C14E8BAB2379B2090086886B /* BackgroundFetchDemo.app */ = {isa = PBXFileReference; explicitFileType = wrapper.application; includeInIndex = 0; path = BackgroundFetchDemo.app; sourceTree = BUILT_PRODUCTS_DIR; };
		C14E8BAE2379B2090086886B /* AppDelegate.swift */ = {isa = PBXFileReference; lastKnownFileType = sourcecode.swift; path = AppDelegate.swift; sourceTree = "<group>"; };
		C14E8BB02379B2090086886B /* SceneDelegate.swift */ = {isa = PBXFileReference; lastKnownFileType = sourcecode.swift; path = SceneDelegate.swift; sourceTree = "<group>"; };
		C14E8BB22379B2090086886B /* ViewController.swift */ = {isa = PBXFileReference; lastKnownFileType = sourcecode.swift; path = ViewController.swift; sourceTree = "<group>"; };
		C14E8BB52379B2090086886B /* Base */ = {isa = PBXFileReference; lastKnownFileType = file.storyboard; name = Base; path = Base.lproj/Main.storyboard; sourceTree = "<group>"; };
		C14E8BB72379B20A0086886B /* Assets.xcassets */ = {isa = PBXFileReference; lastKnownFileType = folder.assetcatalog; path = Assets.xcassets; sourceTree = "<group>"; };
		C14E8BBA2379B20A0086886B /* Base */ = {isa = PBXFileReference; lastKnownFileType = file.storyboard; name = Base; path = Base.lproj/LaunchScreen.storyboard; sourceTree = "<group>"; };
		C14E8BBC2379B20A0086886B /* Info.plist */ = {isa = PBXFileReference; lastKnownFileType = text.plist.xml; path = Info.plist; sourceTree = "<group>"; };
/* End PBXFileReference section */

/* Begin PBXFrameworksBuildPhase section */
		C14E8BA82379B2090086886B /* Frameworks */ = {
			isa = PBXFrameworksBuildPhase;
			buildActionMask = 2147483647;
			files = (
			);
			runOnlyForDeploymentPostprocessing = 0;
		};
/* End PBXFrameworksBuildPhase section */

/* Begin PBXGroup section */
		C14E8BA22379B2090086886B = {
			isa = PBXGroup;
			children = (
				C14E8BAD2379B2090086886B /* BackgroundFetchDemo */,
				C14E8BAC2379B2090086886B /* Products */,
			);
			sourceTree = "<group>";
		};
		C14E8BAC2379B2090086886B /* Products */ = {
			isa = PBXGroup;
			children = (
				C14E8BAB2379B2090086886B /* BackgroundFetchDemo.app */,
			);
			name = Products;
			sourceTree = "<group>";
		};
		C14E8BAD2379B2090086886B /* BackgroundFetchDemo */ = {
			isa = PBXGroup;
			children = (
				C14E8BAE2379B2090086886B /* AppDelegate.swift */,
				C14E8BB02379B2090086886B /* SceneDelegate.swift */,
				C14E8BB22379B2090086886B /* ViewController.swift */,
				C14E8BB42379B2090086886B /* Main.storyboard */,
				C14E8BB72379B20A0086886B /* Assets.xcassets */,
				C14E8BB92379B20A0086886B /* LaunchScreen.storyboard */,
				C14E8BBC2379B20A0086886B /* Info.plist */,
			);
			path = BackgroundFetchDemo;
			sourceTree = "<group>";
		};
/* End PBXGroup section */

/* Begin PBXNativeTarget section */
		C14E8BAA2379B2090086886B /* BackgroundFetchDemo */ = {
			isa = PBXNativeTarget;
			buildConfigurationList = C14E8BBF2379B20A0086886B /* Build configuration list for PBXNativeTarget "BackgroundFetchDemo" */;
			buildPhases = (
				C14E8BA72379B2090086886B /* Sources */,
				C14E8BA82379B2090086886B /* Frameworks */,
				C14E8BA92379B2090086886B /* Resources */,
			);
			buildRules = (
			);
			dependencies = (
			);
			name = BackgroundFetchDemo;
			productName = BackgroundFetchDemo;
			productReference = C14E8BAB2379B2090086886B /* BackgroundFetchDemo.app */;
			productType = "com.apple.product-type.application";
		};
/* End PBXNativeTarget section */

/* Begin PBXProject section */
		C14E8BA32379B2090086886B /* Project object */ = {
			isa = PBXProject;
			attributes = {
				LastSwiftUpdateCheck = 1100;
				LastUpgradeCheck = 1100;
				ORGANIZATIONNAME = kidnapper;
				TargetAttributes = {
					C14E8BAA2379B2090086886B = {
						CreatedOnToolsVersion = 11.0;
					};
				};
			};
			buildConfigurationList = C14E8BA62379B2090086886B /* Build configuration list for PBXProject "BackgroundFetchDemo" */;
			compatibilityVersion = "Xcode 9.3";
			developmentRegion = en;
			hasScannedForEncodings = 0;
			knownRegions = (
				en,
				Base,
			);
			mainGroup = C14E8BA22379B2090086886B;
			productRefGroup = C14E8BAC2379B2090086886B /* Products */;
			projectDirPath = "";
			projectRoot = "";
			targets = (
				C14E8BAA2379B2090086886B /* BackgroundFetchDemo */,
			);
		};
/* End PBXProject section */

/* Begin PBXResourcesBuildPhase section */
		C14E8BA92379B2090086886B /* Resources */ = {
			isa = PBXResourcesBuildPhase;
			buildActionMask = 2147483647;
			files = (
				C14E8BBB2379B20A0086886B /* LaunchScreen.storyboard in Resources */,
				C14E8BB82379B20A0086886B /* Assets.xcassets in Resources */,
				C14E8BB62379B2090086886B /* Main.storyboard in Resources */,
			);
			runOnlyForDeploymentPostprocessing = 0;
		};
/* End PBXResourcesBuildPhase section */

/* Begin PBXSourcesBuildPhase section */
		C14E8BA72379B2090086886B /* Sources */ = {
			isa = PBXSourcesBuildPhase;
			buildActionMask = 2147483647;
			files = (
				C14E8BB32379B2090086886B /* ViewController.swift in Sources */,
				C14E8BAF2379B2090086886B /* AppDelegate.swift in Sources */,
				C14E8BB12379B2090086886B /* SceneDelegate.swift in Sources */,
			);
			runOnlyForDeploymentPostprocessing = 0;
		};
/* End PBXSourcesBuildPhase section */

/* Begin PBXVariantGroup section */
		C14E8BB42379B2090086886B /* Main.storyboard */ = {
			isa = PBXVariantGroup;
			children = (
				C14E8BB52379B2090086886B /* Base */,
			);
			name = Main.storyboard;
			sourceTree = "<group>";
		};
		C14E8BB92379B20A0086886B /* LaunchScreen.storyboard */ = {
			isa = PBXVariantGroup;
			children = (
				C14E8BBA2379B20A0086886B /* Base */,
			);
			name = LaunchScreen.storyboard;
			sourceTree = "<group>";
		};
/* End PBXVariantGroup section */

/* Begin XCBuildConfiguration section */
		C14E8BBD2379B20A0086886B /* Debug */ = {
			isa = XCBuildConfiguration;
			buildSettings = {
				ALWAYS_SEARCH_USER_PATHS = NO;
				CLANG_ANALYZER_NONNULL = YES;
				CLANG_ANALYZER_NUMBER_OBJECT_CONVERSION = YES_AGGRESSIVE;
				CLANG_CXX_LANGUAGE_STANDARD = "gnu++14";
				CLANG_CXX_LIBRARY = "libc++";
				CLANG_ENABLE_MODULES = YES;
				CLANG_ENABLE_OBJC_ARC = YES;
				CLANG_ENABLE_OBJC_WEAK = YES;
				CLANG_WARN_BLOCK_CAPTURE_AUTORELEASING = YES;
				CLANG_WARN_BOOL_CONVERSION = YES;
				CLANG_WARN_COMMA = YES;
				CLANG_WARN_CONSTANT_CONVERSION = YES;
				CLANG_WARN_DEPRECATED_OBJC_IMPLEMENTATIONS = YES;
				CLANG_WARN_DIRECT_OBJC_ISA_USAGE = YES_ERROR;
				CLANG_WARN_DOCUMENTATION_COMMENTS = YES;
				CLANG_WARN_EMPTY_BODY = YES;
				CLANG_WARN_ENUM_CONVERSION = YES;
				CLANG_WARN_INFINITE_RECURSION = YES;
				CLANG_WARN_INT_CONVERSION = YES;
				CLANG_WARN_NON_LITERAL_NULL_CONVERSION = YES;
				CLANG_WARN_OBJC_IMPLICIT_RETAIN_SELF = YES;
				CLANG_WARN_OBJC_LITERAL_CONVERSION = YES;
				CLANG_WARN_OBJC_ROOT_CLASS = YES_ERROR;
				CLANG_WARN_RANGE_LOOP_ANALYSIS = YES;
				CLANG_WARN_STRICT_PROTOTYPES = YES;
				CLANG_WARN_SUSPICIOUS_MOVE = YES;
				CLANG_WARN_UNGUARDED_AVAILABILITY = YES_AGGRESSIVE;
				CLANG_WARN_UNREACHABLE_CODE = YES;
				CLANG_WARN__DUPLICATE_METHOD_MATCH = YES;
				COPY_PHASE_STRIP = NO;
				DEBUG_INFORMATION_FORMAT = dwarf;
				ENABLE_STRICT_OBJC_MSGSEND = YES;
				ENABLE_TESTABILITY = YES;
				GCC_C_LANGUAGE_STANDARD = gnu11;
				GCC_DYNAMIC_NO_PIC = NO;
				GCC_NO_COMMON_BLOCKS = YES;
				GCC_OPTIMIZATION_LEVEL = 0;
				GCC_PREPROCESSOR_DEFINITIONS = (
					"DEBUG=1",
					"$(inherited)",
				);
				GCC_WARN_64_TO_32_BIT_CONVERSION = YES;
				GCC_WARN_ABOUT_RETURN_TYPE = YES_ERROR;
				GCC_WARN_UNDECLARED_SELECTOR = YES;
				GCC_WARN_UNINITIALIZED_AUTOS = YES_AGGRESSIVE;
				GCC_WARN_UNUSED_FUNCTION = YES;
				GCC_WARN_UNUSED_VARIABLE = YES;
				IPHONEOS_DEPLOYMENT_TARGET = 13.0;
				MTL_ENABLE_DEBUG_INFO = INCLUDE_SOURCE;
				MTL_FAST_MATH = YES;
				ONLY_ACTIVE_ARCH = YES;
				SDKROOT = iphoneos;
				SWIFT_ACTIVE_COMPILATION_CONDITIONS = DEBUG;
				SWIFT_OPTIMIZATION_LEVEL = "-Onone";
			};
			name = Debug;
		};
		C14E8BBE2379B20A0086886B /* Release */ = {
			isa = XCBuildConfiguration;
			buildSettings = {
				ALWAYS_SEARCH_USER_PATHS = NO;
				CLANG_ANALYZER_NONNULL = YES;
				CLANG_ANALYZER_NUMBER_OBJECT_CONVERSION = YES_AGGRESSIVE;
				CLANG_CXX_LANGUAGE_STANDARD = "gnu++14";
				CLANG_CXX_LIBRARY = "libc++";
				CLANG_ENABLE_MODULES = YES;
				CLANG_ENABLE_OBJC_ARC = YES;
				CLANG_ENABLE_OBJC_WEAK = YES;
				CLANG_WARN_BLOCK_CAPTURE_AUTORELEASING = YES;
				CLANG_WARN_BOOL_CONVERSION = YES;
				CLANG_WARN_COMMA = YES;
				CLANG_WARN_CONSTANT_CONVERSION = YES;
				CLANG_WARN_DEPRECATED_OBJC_IMPLEMENTATIONS = YES;
				CLANG_WARN_DIRECT_OBJC_ISA_USAGE = YES_ERROR;
				CLANG_WARN_DOCUMENTATION_COMMENTS = YES;
				CLANG_WARN_EMPTY_BODY = YES;
				CLANG_WARN_ENUM_CONVERSION = YES;
				CLANG_WARN_INFINITE_RECURSION = YES;
				CLANG_WARN_INT_CONVERSION = YES;
				CLANG_WARN_NON_LITERAL_NULL_CONVERSION = YES;
				CLANG_WARN_OBJC_IMPLICIT_RETAIN_SELF = YES;
				CLANG_WARN_OBJC_LITERAL_CONVERSION = YES;
				CLANG_WARN_OBJC_ROOT_CLASS = YES_ERROR;
				CLANG_WARN_RANGE_LOOP_ANALYSIS = YES;
				CLANG_WARN_STRICT_PROTOTYPES = YES;
				CLANG_WARN_SUSPICIOUS_MOVE = YES;
				CLANG_WARN_UNGUARDED_AVAILABILITY = YES_AGGRESSIVE;
				CLANG_WARN_UNREACHABLE_CODE = YES;
				CLANG_WARN__DUPLICATE_METHOD_MATCH = YES;
				COPY_PHASE_STRIP = NO;
				DEBUG_INFORMATION_FORMAT = "dwarf-with-dsym";
				ENABLE_NS_ASSERTIONS = NO;
				ENABLE_STRICT_OBJC_MSGSEND = YES;
				GCC_C_LANGUAGE_STANDARD = gnu11;
				GCC_NO_COMMON_BLOCKS = YES;
				GCC_WARN_64_TO_32_BIT_CONVERSION = YES;
				GCC_WARN_ABOUT_RETURN_TYPE = YES_ERROR;
				GCC_WARN_UNDECLARED_SELECTOR = YES;
				GCC_WARN_UNINITIALIZED_AUTOS = YES_AGGRESSIVE;
				GCC_WARN_UNUSED_FUNCTION = YES;
				GCC_WARN_UNUSED_VARIABLE = YES;
				IPHONEOS_DEPLOYMENT_TARGET = 13.0;
				MTL_ENABLE_DEBUG_INFO = NO;
				MTL_FAST_MATH = YES;
				SDKROOT = iphoneos;
				SWIFT_COMPILATION_MODE = wholemodule;
				SWIFT_OPTIMIZATION_LEVEL = "-O";
				VALIDATE_PRODUCT = YES;
			};
			name = Release;
		};
		C14E8BC02379B20A0086886B /* Debug */ = {
			isa = XCBuildConfiguration;
			buildSettings = {
				ASSETCATALOG_COMPILER_APPICON_NAME = AppIcon;
				CODE_SIGN_STYLE = Automatic;
				DEVELOPMENT_TEAM = 3CW8X9NUYB;
				INFOPLIST_FILE = BackgroundFetchDemo/Info.plist;
				LD_RUNPATH_SEARCH_PATHS = (
					"$(inherited)",
					"@executable_path/Frameworks",
				);
				PRODUCT_BUNDLE_IDENTIFIER = com.kidnapper.BackgroundFetchDemo;
				PRODUCT_NAME = "$(TARGET_NAME)";
				SWIFT_VERSION = 5.0;
				TARGETED_DEVICE_FAMILY = "1,2";
			};
			name = Debug;
		};
		C14E8BC12379B20A0086886B /* Release */ = {
			isa = XCBuildConfiguration;
			buildSettings = {
				ASSETCATALOG_COMPILER_APPICON_NAME = AppIcon;
				CODE_SIGN_STYLE = Automatic;
				DEVELOPMENT_TEAM = 3CW8X9NUYB;
				INFOPLIST_FILE = BackgroundFetchDemo/Info.plist;
				LD_RUNPATH_SEARCH_PATHS = (
					"$(inherited)",
					"@executable_path/Frameworks",
				);
				PRODUCT_BUNDLE_IDENTIFIER = com.kidnapper.BackgroundFetchDemo;
				PRODUCT_NAME = "$(TARGET_NAME)";
				SWIFT_VERSION = 5.0;
				TARGETED_DEVICE_FAMILY = "1,2";
			};
			name = Release;
		};
/* End XCBuildConfiguration section */

/* Begin XCConfigurationList section */
		C14E8BA62379B2090086886B /* Build configuration list for PBXProject "BackgroundFetchDemo" */ = {
			isa = XCConfigurationList;
			buildConfigurations = (
				C14E8BBD2379B20A0086886B /* Debug */,
				C14E8BBE2379B20A0086886B /* Release */,
			);
			defaultConfigurationIsVisible = 0;
			defaultConfigurationName = Release;
		};
		C14E8BBF2379B20A0086886B /* Build configuration list for PBXNativeTarget "BackgroundFetchDemo" */ = {
			isa = XCConfigurationList;
			buildConfigurations = (
				C14E8BC02379B20A0086886B /* Debug */,
				C14E8BC12379B20A0086886B /* Release */,
			);
			defaultConfigurationIsVisible = 0;
			defaultConfigurationName = Release;
		};
/* End XCConfigurationList section */
	};
	rootObject = C14E8BA32379B2090086886B /* Project object */;
}
